
Microsoft Visual Studio Solution File, Format Version 12.00
# Visual Studio 15
VisualStudioVersion = 15.0.26730.12
MinimumVisualStudioVersion = 10.0.40219.1
Project("{D954291E-2A0B-460D-934E-DC6B0785DB48}") = "InclassOne", "InclassOne\InclassOne\InclassOne.shproj", "{3DCC576B-5D84-4D8A-9986-0ED5D00F17E6}"
EndProject
Project("{FAE04EC0-301F-11D3-BF4B-00C04F79EFBC}") = "InclassOne.Android", "InclassOne\InclassOne.Android\InclassOne.Android.csproj", "{0A520852-C0DE-4934-B052-959229545160}"
EndProject
Project("{FAE04EC0-301F-11D3-BF4B-00C04F79EFBC}") = "InclassOne.iOS", "InclassOne\InclassOne.iOS\InclassOne.iOS.csproj", "{34EEA403-0C9D-41E7-9BB8-F6A65E77FDD6}"
EndProject
Project("{FAE04EC0-301F-11D3-BF4B-00C04F79EFBC}") = "InclassOne.UWP", "InclassOne\InclassOne.UWP\InclassOne.UWP.csproj", "{8DC69A0B-345B-4856-9468-587FD9ABB9DA}"
EndProject
Global
	GlobalSection(SharedMSBuildProjectFiles) = preSolution
		InclassOne\InclassOne\InclassOne.projitems*{0a520852-c0de-4934-b052-959229545160}*SharedItemsImports = 4
		InclassOne\InclassOne\InclassOne.projitems*{34eea403-0c9d-41e7-9bb8-f6a65e77fdd6}*SharedItemsImports = 4
		InclassOne\InclassOne\InclassOne.projitems*{3dcc576b-5d84-4d8a-9986-0ed5d00f17e6}*SharedItemsImports = 13
		InclassOne\InclassOne\InclassOne.projitems*{8dc69a0b-345b-4856-9468-587fd9abb9da}*SharedItemsImports = 4
	EndGlobalSection
	GlobalSection(SolutionConfigurationPlatforms) = preSolution
		Ad-Hoc|Any CPU = Ad-Hoc|Any CPU
		Ad-Hoc|ARM = Ad-Hoc|ARM
		Ad-Hoc|iPhone = Ad-Hoc|iPhone
		Ad-Hoc|iPhoneSimulator = Ad-Hoc|iPhoneSimulator
		Ad-Hoc|x64 = Ad-Hoc|x64
		Ad-Hoc|x86 = Ad-Hoc|x86
		AppStore|Any CPU = AppStore|Any CPU
		AppStore|ARM = AppStore|ARM
		AppStore|iPhone = AppStore|iPhone
		AppStore|iPhoneSimulator = AppStore|iPhoneSimulator
		AppStore|x64 = AppStore|x64
		AppStore|x86 = AppStore|x86
		Debug|Any CPU = Debug|Any CPU
		Debug|ARM = Debug|ARM
		Debug|iPhone = Debug|iPhone
		Debug|iPhoneSimulator = Debug|iPhoneSimulator
		Debug|x64 = Debug|x64
		Debug|x86 = Debug|x86
		Release|Any CPU = Release|Any CPU
		Release|ARM = Release|ARM
		Release|iPhone = Release|iPhone
		Release|iPhoneSimulator = Release|iPhoneSimulator
		Release|x64 = Release|x64
		Release|x86 = Release|x86
	EndGlobalSection
	GlobalSection(ProjectConfigurationPlatforms) = postSolution
		{0A520852-C0DE-4934-B052-959229545160}.Ad-Hoc|Any CPU.ActiveCfg = Release|Any CPU
		{0A520852-C0DE-4934-B052-959229545160}.Ad-Hoc|Any CPU.Build.0 = Release|Any CPU
		{0A520852-C0DE-4934-B052-959229545160}.Ad-Hoc|Any CPU.Deploy.0 = Release|Any CPU
		{0A520852-C0DE-4934-B052-959229545160}.Ad-Hoc|ARM.ActiveCfg = Release|Any CPU
		{0A520852-C0DE-4934-B052-959229545160}.Ad-Hoc|ARM.Build.0 = Release|Any CPU
		{0A520852-C0DE-4934-B052-959229545160}.Ad-Hoc|ARM.Deploy.0 = Release|Any CPU
		{0A520852-C0DE-4934-B052-959229545160}.Ad-Hoc|iPhone.ActiveCfg = Release|Any CPU
		{0A520852-C0DE-4934-B052-959229545160}.Ad-Hoc|iPhone.Build.0 = Release|Any CPU
		{0A520852-C0DE-4934-B052-959229545160}.Ad-Hoc|iPhone.Deploy.0 = Release|Any CPU
		{0A520852-C0DE-4934-B052-959229545160}.Ad-Hoc|iPhoneSimulator.ActiveCfg = Release|Any CPU
		{0A520852-C0DE-4934-B052-959229545160}.Ad-Hoc|iPhoneSimulator.Build.0 = Release|Any CPU
		{0A520852-C0DE-4934-B052-959229545160}.Ad-Hoc|iPhoneSimulator.Deploy.0 = Release|Any CPU
		{0A520852-C0DE-4934-B052-959229545160}.Ad-Hoc|x64.ActiveCfg = Release|Any CPU
		{0A520852-C0DE-4934-B052-959229545160}.Ad-Hoc|x64.Build.0 = Release|Any CPU
		{0A520852-C0DE-4934-B052-959229545160}.Ad-Hoc|x64.Deploy.0 = Release|Any CPU
		{0A520852-C0DE-4934-B052-959229545160}.Ad-Hoc|x86.ActiveCfg = Release|Any CPU
		{0A520852-C0DE-4934-B052-959229545160}.Ad-Hoc|x86.Build.0 = Release|Any CPU
		{0A520852-C0DE-4934-B052-959229545160}.Ad-Hoc|x86.Deploy.0 = Release|Any CPU
		{0A520852-C0DE-4934-B052-959229545160}.AppStore|Any CPU.ActiveCfg = Release|Any CPU
		{0A520852-C0DE-4934-B052-959229545160}.AppStore|Any CPU.Build.0 = Release|Any CPU
		{0A520852-C0DE-4934-B052-959229545160}.AppStore|Any CPU.Deploy.0 = Release|Any CPU
		{0A520852-C0DE-4934-B052-959229545160}.AppStore|ARM.ActiveCfg = Release|Any CPU
		{0A520852-C0DE-4934-B052-959229545160}.AppStore|ARM.Build.0 = Release|Any CPU
		{0A520852-C0DE-4934-B052-959229545160}.AppStore|ARM.Deploy.0 = Release|Any CPU
		{0A520852-C0DE-4934-B052-959229545160}.AppStore|iPhone.ActiveCfg = Release|Any CPU
		{0A520852-C0DE-4934-B052-959229545160}.AppStore|iPhone.Build.0 = Release|Any CPU
		{0A520852-C0DE-4934-B052-959229545160}.AppStore|iPhone.Deploy.0 = Release|Any CPU
		{0A520852-C0DE-4934-B052-959229545160}.AppStore|iPhoneSimulator.ActiveCfg = Release|Any CPU
		{0A520852-C0DE-4934-B052-959229545160}.AppStore|iPhoneSimulator.Build.0 = Release|Any CPU
		{0A520852-C0DE-4934-B052-959229545160}.AppStore|iPhoneSimulator.Deploy.0 = Release|Any CPU
		{0A520852-C0DE-4934-B052-959229545160}.AppStore|x64.ActiveCfg = Release|Any CPU
		{0A520852-C0DE-4934-B052-959229545160}.AppStore|x64.Build.0 = Release|Any CPU
		{0A520852-C0DE-4934-B052-959229545160}.AppStore|x64.Deploy.0 = Release|Any CPU
		{0A520852-C0DE-4934-B052-959229545160}.AppStore|x86.ActiveCfg = Release|Any CPU
		{0A520852-C0DE-4934-B052-959229545160}.AppStore|x86.Build.0 = Release|Any CPU
		{0A520852-C0DE-4934-B052-959229545160}.AppStore|x86.Deploy.0 = Release|Any CPU
		{0A520852-C0DE-4934-B052-959229545160}.Debug|Any CPU.ActiveCfg = Debug|Any CPU
		{0A520852-C0DE-4934-B052-959229545160}.Debug|Any CPU.Build.0 = Debug|Any CPU
		{0A520852-C0DE-4934-B052-959229545160}.Debug|Any CPU.Deploy.0 = Debug|Any CPU
		{0A520852-C0DE-4934-B052-959229545160}.Debug|ARM.ActiveCfg = Debug|Any CPU
		{0A520852-C0DE-4934-B052-959229545160}.Debug|ARM.Build.0 = Debug|Any CPU
		{0A520852-C0DE-4934-B052-959229545160}.Debug|ARM.Deploy.0 = Debug|Any CPU
		{0A520852-C0DE-4934-B052-959229545160}.Debug|iPhone.ActiveCfg = Debug|Any CPU
		{0A520852-C0DE-4934-B052-959229545160}.Debug|iPhone.Build.0 = Debug|Any CPU
		{0A520852-C0DE-4934-B052-959229545160}.Debug|iPhone.Deploy.0 = Debug|Any CPU
		{0A520852-C0DE-4934-B052-959229545160}.Debug|iPhoneSimulator.ActiveCfg = Debug|Any CPU
		{0A520852-C0DE-4934-B052-959229545160}.Debug|iPhoneSimulator.Build.0 = Debug|Any CPU
		{0A520852-C0DE-4934-B052-959229545160}.Debug|iPhoneSimulator.Deploy.0 = Debug|Any CPU
		{0A520852-C0DE-4934-B052-959229545160}.Debug|x64.ActiveCfg = Debug|Any CPU
		{0A520852-C0DE-4934-B052-959229545160}.Debug|x64.Build.0 = Debug|Any CPU
		{0A520852-C0DE-4934-B052-959229545160}.Debug|x64.Deploy.0 = Debug|Any CPU
		{0A520852-C0DE-4934-B052-959229545160}.Debug|x86.ActiveCfg = Debug|Any CPU
		{0A520852-C0DE-4934-B052-959229545160}.Debug|x86.Build.0 = Debug|Any CPU
		{0A520852-C0DE-4934-B052-959229545160}.Debug|x86.Deploy.0 = Debug|Any CPU
		{0A520852-C0DE-4934-B052-959229545160}.Release|Any CPU.ActiveCfg = Release|Any CPU
		{0A520852-C0DE-4934-B052-959229545160}.Release|Any CPU.Build.0 = Release|Any CPU
		{0A520852-C0DE-4934-B052-959229545160}.Release|Any CPU.Deploy.0 = Release|Any CPU
		{0A520852-C0DE-4934-B052-959229545160}.Release|ARM.ActiveCfg = Release|Any CPU
		{0A520852-C0DE-4934-B052-959229545160}.Release|ARM.Build.0 = Release|Any CPU
		{0A520852-C0DE-4934-B052-959229545160}.Release|ARM.Deploy.0 = Release|Any CPU
		{0A520852-C0DE-4934-B052-959229545160}.Release|iPhone.ActiveCfg = Release|Any CPU
		{0A520852-C0DE-4934-B052-959229545160}.Release|iPhone.Build.0 = Release|Any CPU
		{0A520852-C0DE-4934-B052-959229545160}.Release|iPhone.Deploy.0 = Release|Any CPU
		{0A520852-C0DE-4934-B052-959229545160}.Release|iPhoneSimulator.ActiveCfg = Release|Any CPU
		{0A520852-C0DE-4934-B052-959229545160}.Release|iPhoneSimulator.Build.0 = Release|Any CPU
		{0A520852-C0DE-4934-B052-959229545160}.Release|iPhoneSimulator.Deploy.0 = Release|Any CPU
		{0A520852-C0DE-4934-B052-959229545160}.Release|x64.ActiveCfg = Release|Any CPU
		{0A520852-C0DE-4934-B052-959229545160}.Release|x64.Build.0 = Release|Any CPU
		{0A520852-C0DE-4934-B052-959229545160}.Release|x64.Deploy.0 = Release|Any CPU
		{0A520852-C0DE-4934-B052-959229545160}.Release|x86.ActiveCfg = Release|Any CPU
		{0A520852-C0DE-4934-B052-959229545160}.Release|x86.Build.0 = Release|Any CPU
		{0A520852-C0DE-4934-B052-959229545160}.Release|x86.Deploy.0 = Release|Any CPU
		{34EEA403-0C9D-41E7-9BB8-F6A65E77FDD6}.Ad-Hoc|Any CPU.ActiveCfg = Ad-Hoc|iPhone
		{34EEA403-0C9D-41E7-9BB8-F6A65E77FDD6}.Ad-Hoc|ARM.ActiveCfg = Ad-Hoc|iPhone
		{34EEA403-0C9D-41E7-9BB8-F6A65E77FDD6}.Ad-Hoc|iPhone.ActiveCfg = Ad-Hoc|iPhone
		{34EEA403-0C9D-41E7-9BB8-F6A65E77FDD6}.Ad-Hoc|iPhone.Build.0 = Ad-Hoc|iPhone
		{34EEA403-0C9D-41E7-9BB8-F6A65E77FDD6}.Ad-Hoc|iPhoneSimulator.ActiveCfg = Ad-Hoc|iPhoneSimulator
		{34EEA403-0C9D-41E7-9BB8-F6A65E77FDD6}.Ad-Hoc|iPhoneSimulator.Build.0 = Ad-Hoc|iPhoneSimulator
		{34EEA403-0C9D-41E7-9BB8-F6A65E77FDD6}.Ad-Hoc|x64.ActiveCfg = Ad-Hoc|iPhone
		{34EEA403-0C9D-41E7-9BB8-F6A65E77FDD6}.Ad-Hoc|x86.ActiveCfg = Ad-Hoc|iPhone
		{34EEA403-0C9D-41E7-9BB8-F6A65E77FDD6}.AppStore|Any CPU.ActiveCfg = AppStore|iPhone
		{34EEA403-0C9D-41E7-9BB8-F6A65E77FDD6}.AppStore|ARM.ActiveCfg = AppStore|iPhone
		{34EEA403-0C9D-41E7-9BB8-F6A65E77FDD6}.AppStore|iPhone.ActiveCfg = AppStore|iPhone
		{34EEA403-0C9D-41E7-9BB8-F6A65E77FDD6}.AppStore|iPhone.Build.0 = AppStore|iPhone
		{34EEA403-0C9D-41E7-9BB8-F6A65E77FDD6}.AppStore|iPhoneSimulator.ActiveCfg = AppStore|iPhoneSimulator
		{34EEA403-0C9D-41E7-9BB8-F6A65E77FDD6}.AppStore|iPhoneSimulator.Build.0 = AppStore|iPhoneSimulator
		{34EEA403-0C9D-41E7-9BB8-F6A65E77FDD6}.AppStore|x64.ActiveCfg = AppStore|iPhone
		{34EEA403-0C9D-41E7-9BB8-F6A65E77FDD6}.AppStore|x86.ActiveCfg = AppStore|iPhone
		{34EEA403-0C9D-41E7-9BB8-F6A65E77FDD6}.Debug|Any CPU.ActiveCfg = Debug|iPhone
		{34EEA403-0C9D-41E7-9BB8-F6A65E77FDD6}.Debug|ARM.ActiveCfg = Debug|iPhone
		{34EEA403-0C9D-41E7-9BB8-F6A65E77FDD6}.Debug|iPhone.ActiveCfg = Debug|iPhone
		{34EEA403-0C9D-41E7-9BB8-F6A65E77FDD6}.Debug|iPhone.Build.0 = Debug|iPhone
		{34EEA403-0C9D-41E7-9BB8-F6A65E77FDD6}.Debug|iPhoneSimulator.ActiveCfg = Debug|iPhoneSimulator
		{34EEA403-0C9D-41E7-9BB8-F6A65E77FDD6}.Debug|iPhoneSimulator.Build.0 = Debug|iPhoneSimulator
		{34EEA403-0C9D-41E7-9BB8-F6A65E77FDD6}.Debug|x64.ActiveCfg = Debug|iPhone
		{34EEA403-0C9D-41E7-9BB8-F6A65E77FDD6}.Debug|x86.ActiveCfg = Debug|iPhone
		{34EEA403-0C9D-41E7-9BB8-F6A65E77FDD6}.Release|Any CPU.ActiveCfg = Release|iPhone
		{34EEA403-0C9D-41E7-9BB8-F6A65E77FDD6}.Release|ARM.ActiveCfg = Release|iPhone
		{34EEA403-0C9D-41E7-9BB8-F6A65E77FDD6}.Release|iPhone.ActiveCfg = Release|iPhone
		{34EEA403-0C9D-41E7-9BB8-F6A65E77FDD6}.Release|iPhone.Build.0 = Release|iPhone
		{34EEA403-0C9D-41E7-9BB8-F6A65E77FDD6}.Release|iPhoneSimulator.ActiveCfg = Release|iPhoneSimulator
		{34EEA403-0C9D-41E7-9BB8-F6A65E77FDD6}.Release|iPhoneSimulator.Build.0 = Release|iPhoneSimulator
		{34EEA403-0C9D-41E7-9BB8-F6A65E77FDD6}.Release|x64.ActiveCfg = Release|iPhone
		{34EEA403-0C9D-41E7-9BB8-F6A65E77FDD6}.Release|x86.ActiveCfg = Release|iPhone
		{8DC69A0B-345B-4856-9468-587FD9ABB9DA}.Ad-Hoc|Any CPU.ActiveCfg = Release|x86
		{8DC69A0B-345B-4856-9468-587FD9ABB9DA}.Ad-Hoc|Any CPU.Build.0 = Release|x86
		{8DC69A0B-345B-4856-9468-587FD9ABB9DA}.Ad-Hoc|Any CPU.Deploy.0 = Release|x86
		{8DC69A0B-345B-4856-9468-587FD9ABB9DA}.Ad-Hoc|ARM.ActiveCfg = Release|ARM
		{8DC69A0B-345B-4856-9468-587FD9ABB9DA}.Ad-Hoc|ARM.Build.0 = Release|ARM
		{8DC69A0B-345B-4856-9468-587FD9ABB9DA}.Ad-Hoc|ARM.Deploy.0 = Release|ARM
		{8DC69A0B-345B-4856-9468-587FD9ABB9DA}.Ad-Hoc|iPhone.ActiveCfg = Release|x86
		{8DC69A0B-345B-4856-9468-587FD9ABB9DA}.Ad-Hoc|iPhone.Build.0 = Release|x86
		{8DC69A0B-345B-4856-9468-587FD9ABB9DA}.Ad-Hoc|iPhone.Deploy.0 = Release|x86
		{8DC69A0B-345B-4856-9468-587FD9ABB9DA}.Ad-Hoc|iPhoneSimulator.ActiveCfg = Release|x86
		{8DC69A0B-345B-4856-9468-587FD9ABB9DA}.Ad-Hoc|iPhoneSimulator.Build.0 = Release|x86
		{8DC69A0B-345B-4856-9468-587FD9ABB9DA}.Ad-Hoc|iPhoneSimulator.Deploy.0 = Release|x86
		{8DC69A0B-345B-4856-9468-587FD9ABB9DA}.Ad-Hoc|x64.ActiveCfg = Release|x64
		{8DC69A0B-345B-4856-9468-587FD9ABB9DA}.Ad-Hoc|x64.Build.0 = Release|x64
		{8DC69A0B-345B-4856-9468-587FD9ABB9DA}.Ad-Hoc|x64.Deploy.0 = Release|x64
		{8DC69A0B-345B-4856-9468-587FD9ABB9DA}.Ad-Hoc|x86.ActiveCfg = Release|x86
		{8DC69A0B-345B-4856-9468-587FD9ABB9DA}.Ad-Hoc|x86.Build.0 = Release|x86
		{8DC69A0B-345B-4856-9468-587FD9ABB9DA}.Ad-Hoc|x86.Deploy.0 = Release|x86
		{8DC69A0B-345B-4856-9468-587FD9ABB9DA}.AppStore|Any CPU.ActiveCfg = Release|x86
		{8DC69A0B-345B-4856-9468-587FD9ABB9DA}.AppStore|Any CPU.Build.0 = Release|x86
		{8DC69A0B-345B-4856-9468-587FD9ABB9DA}.AppStore|Any CPU.Deploy.0 = Release|x86
		{8DC69A0B-345B-4856-9468-587FD9ABB9DA}.AppStore|ARM.ActiveCfg = Release|ARM
		{8DC69A0B-345B-4856-9468-587FD9ABB9DA}.AppStore|ARM.Build.0 = Release|ARM
		{8DC69A0B-345B-4856-9468-587FD9ABB9DA}.AppStore|ARM.Deploy.0 = Release|ARM
		{8DC69A0B-345B-4856-9468-587FD9ABB9DA}.AppStore|iPhone.ActiveCfg = Release|x86
		{8DC69A0B-345B-4856-9468-587FD9ABB9DA}.AppStore|iPhone.Build.0 = Release|x86
		{8DC69A0B-345B-4856-9468-587FD9ABB9DA}.AppStore|iPhone.Deploy.0 = Release|x86
		{8DC69A0B-345B-4856-9468-587FD9ABB9DA}.AppStore|iPhoneSimulator.ActiveCfg = Release|x86
		{8DC69A0B-345B-4856-9468-587FD9ABB9DA}.AppStore|iPhoneSimulator.Build.0 = Release|x86
		{8DC69A0B-345B-4856-9468-587FD9ABB9DA}.AppStore|iPhoneSimulator.Deploy.0 = Release|x86
		{8DC69A0B-345B-4856-9468-587FD9ABB9DA}.AppStore|x64.ActiveCfg = Release|x64
		{8DC69A0B-345B-4856-9468-587FD9ABB9DA}.AppStore|x64.Build.0 = Release|x64
		{8DC69A0B-345B-4856-9468-587FD9ABB9DA}.AppStore|x64.Deploy.0 = Release|x64
		{8DC69A0B-345B-4856-9468-587FD9ABB9DA}.AppStore|x86.ActiveCfg = Release|x86
		{8DC69A0B-345B-4856-9468-587FD9ABB9DA}.AppStore|x86.Build.0 = Release|x86
		{8DC69A0B-345B-4856-9468-587FD9ABB9DA}.AppStore|x86.Deploy.0 = Release|x86
		{8DC69A0B-345B-4856-9468-587FD9ABB9DA}.Debug|Any CPU.ActiveCfg = Debug|x86
		{8DC69A0B-345B-4856-9468-587FD9ABB9DA}.Debug|ARM.ActiveCfg = Debug|ARM
		{8DC69A0B-345B-4856-9468-587FD9ABB9DA}.Debug|ARM.Build.0 = Debug|ARM
		{8DC69A0B-345B-4856-9468-587FD9ABB9DA}.Debug|ARM.Deploy.0 = Debug|ARM
		{8DC69A0B-345B-4856-9468-587FD9ABB9DA}.Debug|iPhone.ActiveCfg = Debug|x86
		{8DC69A0B-345B-4856-9468-587FD9ABB9DA}.Debug|iPhoneSimulator.ActiveCfg = Debug|x86
		{8DC69A0B-345B-4856-9468-587FD9ABB9DA}.Debug|x64.ActiveCfg = Debug|x64
		{8DC69A0B-345B-4856-9468-587FD9ABB9DA}.Debug|x64.Build.0 = Debug|x64
		{8DC69A0B-345B-4856-9468-587FD9ABB9DA}.Debug|x64.Deploy.0 = Debug|x64
		{8DC69A0B-345B-4856-9468-587FD9ABB9DA}.Debug|x86.ActiveCfg = Debug|x86
		{8DC69A0B-345B-4856-9468-587FD9ABB9DA}.Debug|x86.Build.0 = Debug|x86
		{8DC69A0B-345B-4856-9468-587FD9ABB9DA}.Debug|x86.Deploy.0 = Debug|x86
		{8DC69A0B-345B-4856-9468-587FD9ABB9DA}.Release|Any CPU.ActiveCfg = Release|x86
		{8DC69A0B-345B-4856-9468-587FD9ABB9DA}.Release|ARM.ActiveCfg = Release|ARM
		{8DC69A0B-345B-4856-9468-587FD9ABB9DA}.Release|ARM.Build.0 = Release|ARM
		{8DC69A0B-345B-4856-9468-587FD9ABB9DA}.Release|ARM.Deploy.0 = Release|ARM
		{8DC69A0B-345B-4856-9468-587FD9ABB9DA}.Release|iPhone.ActiveCfg = Release|x86
		{8DC69A0B-345B-4856-9468-587FD9ABB9DA}.Release|iPhoneSimulator.ActiveCfg = Release|x86
		{8DC69A0B-345B-4856-9468-587FD9ABB9DA}.Release|x64.ActiveCfg = Release|x64
		{8DC69A0B-345B-4856-9468-587FD9ABB9DA}.Release|x64.Build.0 = Release|x64
		{8DC69A0B-345B-4856-9468-587FD9ABB9DA}.Release|x64.Deploy.0 = Release|x64
		{8DC69A0B-345B-4856-9468-587FD9ABB9DA}.Release|x86.ActiveCfg = Release|x86
		{8DC69A0B-345B-4856-9468-587FD9ABB9DA}.Release|x86.Build.0 = Release|x86
		{8DC69A0B-345B-4856-9468-587FD9ABB9DA}.Release|x86.Deploy.0 = Release|x86
	EndGlobalSection
	GlobalSection(SolutionProperties) = preSolution
		HideSolutionNode = FALSE
	EndGlobalSection
	GlobalSection(ExtensibilityGlobals) = postSolution
		SolutionGuid = {60D98030-EE92-478E-AD56-97A69847E370}
	EndGlobalSection
EndGlobal
